
Microsoft Visual Studio Solution File, Format Version 12.00
# Visual Studio Version 16
VisualStudioVersion = 16.0.31129.286
MinimumVisualStudioVersion = 10.0.40219.1
Project("{FAE04EC0-301F-11D3-BF4B-00C04F79EFBC}") = "WindowsFormsApp1", "WindowsFormsApp1.csproj", "{F2E47FF4-752B-4BDD-9DA9-E48A48FB2021}"
EndProject
Global
	GlobalSection(SolutionConfigurationPlatforms) = preSolution
		Debug|Any CPU = Debug|Any CPU
		Release|Any CPU = Release|Any CPU
	EndGlobalSection
	GlobalSection(ProjectConfigurationPlatforms) = postSolution
		{F2E47FF4-752B-4BDD-9DA9-E48A48FB2021}.Debug|Any CPU.ActiveCfg = Debug|Any CPU
		{F2E47FF4-752B-4BDD-9DA9-E48A48FB2021}.Debug|Any CPU.Build.0 = Debug|Any CPU
		{F2E47FF4-752B-4BDD-9DA9-E48A48FB2021}.Release|Any CPU.ActiveCfg = Release|Any CPU
		{F2E47FF4-752B-4BDD-9DA9-E48A48FB2021}.Release|Any CPU.Build.0 = Release|Any CPU
	EndGlobalSection
	GlobalSection(SolutionProperties) = preSolution
		HideSolutionNode = FALSE
	EndGlobalSection
	GlobalSection(ExtensibilityGlobals) = postSolution
		SolutionGuid = {4A649875-F503-43BC-814D-A901F6EA61A3}
	EndGlobalSection
EndGlobal
